Microsoft Visual Studio Solution File, Format Version 12.00
# Visual Studio 15
VisualStudioVersion = 15.0.26228.4
MinimumVisualStudioVersion = 10.0.40219.1
Project("{D954291E-2A0B-460D-934E-DC6B0785DB48}") = "Binding", "Binding\Binding.shproj", "{9C502B9A-25D4-473F-89BD-5A13DDE16354}"
EndProject
Project("{FAE04EC0-301F-11D3-BF4B-00C04F79EFBC}") = "SkiaSharp.NetStandard", "SkiaSharp.NetStandard\SkiaSharp.NetStandard.csproj", "{23F98632-AD05-49DC-BD1C-6D669C728343}"
EndProject
Global
	GlobalSection(SharedMSBuildProjectFiles) = preSolution
		Binding\Binding.projitems*{9c502b9a-25d4-473f-89bd-5a13dde16354}*SharedItemsImports = 13
	EndGlobalSection
	GlobalSection(SolutionConfigurationPlatforms) = preSolution
		Debug|Any CPU = Debug|Any CPU
		Release|Any CPU = Release|Any CPU
	EndGlobalSection
	GlobalSection(ProjectConfigurationPlatforms) = postSolution
		{23F98632-AD05-49DC-BD1C-6D669C728343}.Debug|Any CPU.ActiveCfg = Debug|Any CPU
		{23F98632-AD05-49DC-BD1C-6D669C728343}.Debug|Any CPU.Build.0 = Debug|Any CPU
		{23F98632-AD05-49DC-BD1C-6D669C728343}.Release|Any CPU.ActiveCfg = Release|Any CPU
		{23F98632-AD05-49DC-BD1C-6D669C728343}.Release|Any CPU.Build.0 = Release|Any CPU
	EndGlobalSection
	GlobalSection(SolutionProperties) = preSolution
		HideSolutionNode = FALSE
	EndGlobalSection
EndGlobal
