Microsoft Visual Studio Solution File, Format Version 12.00
# Visual Studio 14
VisualStudioVersion = 14.0.25420.1
MinimumVisualStudioVersion = 10.0.40219.1
Project("{8BC9CEB8-8B4A-11D0-8D11-00A0C91BC942}") = "core", "..\..\externals\skia\out\gyp\core.vcxproj", "{B7760B5E-BFA8-486B-ACFD-49E3A6DE8E76}"
EndProject
Project("{8BC9CEB8-8B4A-11D0-8D11-00A0C91BC942}") = "libSkiaSharp", "libSkiaSharp.vcxproj", "{22B9B540-CC67-43B3-9341-336DEA7FC0EB}"
EndProject
Project("{2150E333-8FDC-42A3-9474-1A3956D46DE8}") = "skia", "skia", "{38E1A434-8032-4721-8B8A-F4283BB56DAB}"
EndProject
Project("{8BC9CEB8-8B4A-11D0-8D11-00A0C91BC942}") = "ports", "..\..\externals\skia\out\gyp\ports.vcxproj", "{AC091A25-308E-7BBC-9DA1-DD1920175B2F}"
EndProject
Project("{8BC9CEB8-8B4A-11D0-8D11-00A0C91BC942}") = "skgpu", "..\..\externals\skia\out\gyp\skgpu.vcxproj", "{F80B9D3A-8FBA-6651-C4EB-AF1D77E23013}"
EndProject
Project("{8BC9CEB8-8B4A-11D0-8D11-00A0C91BC942}") = "effects", "..\..\externals\skia\out\gyp\effects.vcxproj", "{ACEFEE16-B082-2A88-A478-2925B76D5D0B}"
EndProject
Project("{8BC9CEB8-8B4A-11D0-8D11-00A0C91BC942}") = "utils", "..\..\externals\skia\out\gyp\utils.vcxproj", "{DA725089-1866-93C9-8C82-5F0B84D64DF9}"
EndProject
Project("{8BC9CEB8-8B4A-11D0-8D11-00A0C91BC942}") = "opts", "..\..\externals\skia\out\gyp\opts.vcxproj", "{E24EE56E-BB02-E3F6-4996-DFE8AAC49CE5}"
EndProject
Project("{8BC9CEB8-8B4A-11D0-8D11-00A0C91BC942}") = "opts_avx", "..\..\externals\skia\out\gyp\opts_avx.vcxproj", "{C7262688-861D-F8B2-9095-F023D8D74A06}"
EndProject
Project("{8BC9CEB8-8B4A-11D0-8D11-00A0C91BC942}") = "opts_sse41", "..\..\externals\skia\out\gyp\opts_sse41.vcxproj", "{C2301093-9167-5410-27D2-A7ED541FB66E}"
EndProject
Project("{8BC9CEB8-8B4A-11D0-8D11-00A0C91BC942}") = "opts_sse42", "..\..\externals\skia\out\gyp\opts_sse42.vcxproj", "{2C63BD0D-BBC8-27A4-7757-E58B0CFF497D}"
EndProject
Project("{8BC9CEB8-8B4A-11D0-8D11-00A0C91BC942}") = "opts_ssse3", "..\..\externals\skia\out\gyp\opts_ssse3.vcxproj", "{7F923465-8BD3-349A-92BE-82F93591AC6A}"
EndProject
Project("{8BC9CEB8-8B4A-11D0-8D11-00A0C91BC942}") = "images", "..\..\externals\skia\out\gyp\images.vcxproj", "{5636527D-53CA-6417-23B1-4AC0173B21D4}"
EndProject
Project("{8BC9CEB8-8B4A-11D0-8D11-00A0C91BC942}") = "sfnt", "..\..\externals\skia\out\gyp\sfnt.vcxproj", "{7DE8DEDA-2C9D-F0F4-214F-0DDBA34962BA}"
EndProject
Project("{8BC9CEB8-8B4A-11D0-8D11-00A0C91BC942}") = "libSkKTX", "..\..\externals\skia\out\gyp\libSkKTX.vcxproj", "{D5092DE6-EA69-3D43-1C36-92D358B87E65}"
EndProject
Project("{8BC9CEB8-8B4A-11D0-8D11-00A0C91BC942}") = "libetc1", "..\..\externals\skia\out\gyp\libetc1.vcxproj", "{4C4ACF24-96A3-D950-D8DC-F0FE38871FBC}"
EndProject
Project("{8BC9CEB8-8B4A-11D0-8D11-00A0C91BC942}") = "libjpeg-turbo-selector", "..\..\externals\skia\out\gyp\libjpeg-turbo-selector.vcxproj", "{3C621C1F-25BA-4D9C-7157-9EAB5E9FE039}"
EndProject
Project("{8BC9CEB8-8B4A-11D0-8D11-00A0C91BC942}") = "libjpeg-turbo", "..\..\externals\skia\out\gyp\libjpeg-turbo.vcxproj", "{83C3F91F-1DE0-7307-DB96-4D6EEEF86014}"
EndProject
Project("{8BC9CEB8-8B4A-11D0-8D11-00A0C91BC942}") = "yasm-win", "..\..\externals\skia\out\gyp\yasm-win.vcxproj", "{A62C2434-1D02-D302-82FC-ECA8A9A2D25E}"
EndProject
Project("{8BC9CEB8-8B4A-11D0-8D11-00A0C91BC942}") = "libwebp_dec", "..\..\externals\skia\out\gyp\libwebp_dec.vcxproj", "{4BC36DD8-94DF-820B-676D-1E9497BC443A}"
EndProject
Project("{8BC9CEB8-8B4A-11D0-8D11-00A0C91BC942}") = "libwebp", "..\..\externals\skia\out\gyp\libwebp.vcxproj", "{80531BD2-CCC9-FA7F-6B0F-D6738BAA0ED8}"
EndProject
Project("{8BC9CEB8-8B4A-11D0-8D11-00A0C91BC942}") = "libwebp_dsp_neon", "..\..\externals\skia\out\gyp\libwebp_dsp_neon.vcxproj", "{FC5F854D-57A6-EDBB-158E-E6E58A1B8B58}"
EndProject
Project("{8BC9CEB8-8B4A-11D0-8D11-00A0C91BC942}") = "libwebp_enc", "..\..\externals\skia\out\gyp\libwebp_enc.vcxproj", "{D5D8251E-905F-7BD2-3A83-B6FB954B06BA}"
EndProject
Project("{8BC9CEB8-8B4A-11D0-8D11-00A0C91BC942}") = "libwebp_utils", "..\..\externals\skia\out\gyp\libwebp_utils.vcxproj", "{E23AA0CB-42C6-444C-BD69-6E6169D76FC1}"
EndProject
Project("{8BC9CEB8-8B4A-11D0-8D11-00A0C91BC942}") = "libwebp_dsp", "..\..\externals\skia\out\gyp\libwebp_dsp.vcxproj", "{AD113C30-0819-8659-4847-7AC4A8CC1F83}"
EndProject
Project("{8BC9CEB8-8B4A-11D0-8D11-00A0C91BC942}") = "libwebp_demux", "..\..\externals\skia\out\gyp\libwebp_demux.vcxproj", "{BAB33772-7FFE-522E-608E-A7642D9FB467}"
EndProject
Project("{8BC9CEB8-8B4A-11D0-8D11-00A0C91BC942}") = "libwebp_dsp_enc", "..\..\externals\skia\out\gyp\libwebp_dsp_enc.vcxproj", "{194DD695-BF91-1C6D-22E4-FE7B8BBC7547}"
EndProject
Project("{8BC9CEB8-8B4A-11D0-8D11-00A0C91BC942}") = "pdf", "..\..\externals\skia\out\gyp\pdf.vcxproj", "{79AC38EF-89A1-6B41-1983-CCF019EB065D}"
EndProject
Project("{8BC9CEB8-8B4A-11D0-8D11-00A0C91BC942}") = "sfntly", "..\..\externals\skia\out\gyp\sfntly.vcxproj", "{1EB27EA4-61E5-FC6C-358B-8557CF38C00C}"
EndProject
Project("{8BC9CEB8-8B4A-11D0-8D11-00A0C91BC942}") = "zlib", "..\..\externals\skia\out\gyp\zlib.vcxproj", "{D596D985-664A-B70C-8965-45F829B2C1A9}"
EndProject
Project("{8BC9CEB8-8B4A-11D0-8D11-00A0C91BC942}") = "icuuc", "..\..\externals\skia\out\gyp\icuuc.vcxproj", "{836EC36F-9335-BEEC-CA7B-DCCE8AF26F91}"
EndProject
Project("{8BC9CEB8-8B4A-11D0-8D11-00A0C91BC942}") = "libpng", "..\..\externals\skia\out\gyp\libpng.vcxproj", "{EE42AC09-20F3-9DBE-3361-8E2BB4E5E6CD}"
EndProject
Project("{8BC9CEB8-8B4A-11D0-8D11-00A0C91BC942}") = "libpng_static", "..\..\externals\skia\out\gyp\libpng_static.vcxproj", "{C5DD559C-7F43-3A89-CBC4-63DF7D2C9204}"
EndProject
Project("{8BC9CEB8-8B4A-11D0-8D11-00A0C91BC942}") = "codec", "..\..\externals\skia\out\gyp\codec.vcxproj", "{2C56CB27-6590-50F6-2135-7310A0352D07}"
EndProject
Project("{8BC9CEB8-8B4A-11D0-8D11-00A0C91BC942}") = "codec_android", "..\..\externals\skia\out\gyp\codec_android.vcxproj", "{96E68678-C2B9-6DE1-F644-48FB504971DB}"
EndProject
Project("{8BC9CEB8-8B4A-11D0-8D11-00A0C91BC942}") = "sksl", "..\..\externals\skia\out\gyp\sksl.vcxproj", "{441D6FA6-3335-90C7-0D48-A10A2C02CDDC}"
EndProject
Project("{8BC9CEB8-8B4A-11D0-8D11-00A0C91BC942}") = "skia_lib", "..\..\externals\skia\out\gyp\skia_lib.vcxproj", "{5CB053BF-4AE4-D82B-1F7F-44BA0178A0A2}"
EndProject
Project("{8BC9CEB8-8B4A-11D0-8D11-00A0C91BC942}") = "piex", "..\..\externals\skia\out\gyp\piex.vcxproj", "{1B137AC2-7962-66DC-1C58-C4794C3C9B79}"
EndProject
Project("{8BC9CEB8-8B4A-11D0-8D11-00A0C91BC942}") = "piex-selector", "..\..\externals\skia\out\gyp\piex-selector.vcxproj", "{33DF966C-F9E1-16E5-0185-F5DDB3359D7D}"
EndProject
Project("{8BC9CEB8-8B4A-11D0-8D11-00A0C91BC942}") = "dng_sdk", "..\..\externals\skia\out\gyp\dng_sdk.vcxproj", "{3F8BF1F8-56A6-CE20-D217-456F75AD2033}"
EndProject
Project("{8BC9CEB8-8B4A-11D0-8D11-00A0C91BC942}") = "dng_sdk-selector", "..\..\externals\skia\out\gyp\dng_sdk-selector.vcxproj", "{BA4254D3-F005-2F1D-6BA7-51F2B8FCD1F9}"
EndProject
Project("{8BC9CEB8-8B4A-11D0-8D11-00A0C91BC942}") = "raw_codec", "..\..\externals\skia\out\gyp\raw_codec.vcxproj", "{9A58791F-D701-9F66-490E-95C98F55BCC7}"
EndProject
Project("{8BC9CEB8-8B4A-11D0-8D11-00A0C91BC942}") = "opts_hsw", "..\..\externals\skia\out\gyp\opts_hsw.vcxproj", "{49AA2894-D9A1-51F7-35F4-9247A65F2ABB}"
EndProject
Project("{8BC9CEB8-8B4A-11D0-8D11-00A0C91BC942}") = "xml", "..\..\externals\skia\out\gyp\xml.vcxproj", "{ED9E15B0-2E5F-D0DB-A8B8-D825FAF21C7E}"
EndProject
Project("{8BC9CEB8-8B4A-11D0-8D11-00A0C91BC942}") = "svg", "..\..\externals\skia\out\gyp\svg.vcxproj", "{0AAC9702-4086-4216-6ED5-347D2B2A5D89}"
EndProject
Project("{8BC9CEB8-8B4A-11D0-8D11-00A0C91BC942}") = "expat", "..\..\externals\skia\out\gyp\expat.vcxproj", "{08E7668D-EF6C-2711-A6C2-0D723A7CC9DC}"
EndProject
Project("{8BC9CEB8-8B4A-11D0-8D11-00A0C91BC942}") = "expat_static", "..\..\externals\skia\out\gyp\expat_static.vcxproj", "{1E21AB20-7D81-0A8C-CC53-ECBD823EF84B}"
EndProject
Project("{8BC9CEB8-8B4A-11D0-8D11-00A0C91BC942}") = "views", "..\..\externals\skia\out\gyp\views.vcxproj", "{D8D2F143-89BE-D592-4C2D-117B4A3881DE}"
EndProject
Global
	GlobalSection(SolutionConfigurationPlatforms) = preSolution
		Debug|Win32 = Debug|Win32
		Debug|x64 = Debug|x64
		Release|Win32 = Release|Win32
		Release|x64 = Release|x64
		ReleaseDeveloper|Win32 = ReleaseDeveloper|Win32
		ReleaseDeveloper|x64 = ReleaseDeveloper|x64
	EndGlobalSection
	GlobalSection(ProjectConfigurationPlatforms) = postSolution
		{B7760B5E-BFA8-486B-ACFD-49E3A6DE8E76}.Debug|Win32.ActiveCfg = Debug|x64
		{B7760B5E-BFA8-486B-ACFD-49E3A6DE8E76}.Debug|x64.ActiveCfg = Debug|x64
		{B7760B5E-BFA8-486B-ACFD-49E3A6DE8E76}.Debug|x64.Build.0 = Debug|x64
		{B7760B5E-BFA8-486B-ACFD-49E3A6DE8E76}.Release|Win32.ActiveCfg = Release|x64
		{B7760B5E-BFA8-486B-ACFD-49E3A6DE8E76}.Release|x64.ActiveCfg = Release|x64
		{B7760B5E-BFA8-486B-ACFD-49E3A6DE8E76}.Release|x64.Build.0 = Release|x64
		{B7760B5E-BFA8-486B-ACFD-49E3A6DE8E76}.ReleaseDeveloper|Win32.ActiveCfg = ReleaseDeveloper|x64
		{B7760B5E-BFA8-486B-ACFD-49E3A6DE8E76}.ReleaseDeveloper|x64.ActiveCfg = ReleaseDeveloper|x64
		{B7760B5E-BFA8-486B-ACFD-49E3A6DE8E76}.ReleaseDeveloper|x64.Build.0 = ReleaseDeveloper|x64
		{22B9B540-CC67-43B3-9341-336DEA7FC0EB}.Debug|Win32.ActiveCfg = Debug|x64
		{22B9B540-CC67-43B3-9341-336DEA7FC0EB}.Debug|x64.ActiveCfg = Debug|x64
		{22B9B540-CC67-43B3-9341-336DEA7FC0EB}.Debug|x64.Build.0 = Debug|x64
		{22B9B540-CC67-43B3-9341-336DEA7FC0EB}.Release|Win32.ActiveCfg = Release|x64
		{22B9B540-CC67-43B3-9341-336DEA7FC0EB}.Release|x64.ActiveCfg = Release|x64
		{22B9B540-CC67-43B3-9341-336DEA7FC0EB}.Release|x64.Build.0 = Release|x64
		{22B9B540-CC67-43B3-9341-336DEA7FC0EB}.ReleaseDeveloper|Win32.ActiveCfg = Release|Win32
		{22B9B540-CC67-43B3-9341-336DEA7FC0EB}.ReleaseDeveloper|Win32.Build.0 = Release|Win32
		{22B9B540-CC67-43B3-9341-336DEA7FC0EB}.ReleaseDeveloper|x64.ActiveCfg = Release|x64
		{22B9B540-CC67-43B3-9341-336DEA7FC0EB}.ReleaseDeveloper|x64.Build.0 = Release|x64
		{AC091A25-308E-7BBC-9DA1-DD1920175B2F}.Debug|Win32.ActiveCfg = Debug|x64
		{AC091A25-308E-7BBC-9DA1-DD1920175B2F}.Debug|x64.ActiveCfg = Debug|x64
		{AC091A25-308E-7BBC-9DA1-DD1920175B2F}.Debug|x64.Build.0 = Debug|x64
		{AC091A25-308E-7BBC-9DA1-DD1920175B2F}.Release|Win32.ActiveCfg = Release|x64
		{AC091A25-308E-7BBC-9DA1-DD1920175B2F}.Release|x64.ActiveCfg = Release|x64
		{AC091A25-308E-7BBC-9DA1-DD1920175B2F}.Release|x64.Build.0 = Release|x64
		{AC091A25-308E-7BBC-9DA1-DD1920175B2F}.ReleaseDeveloper|Win32.ActiveCfg = ReleaseDeveloper|x64
		{AC091A25-308E-7BBC-9DA1-DD1920175B2F}.ReleaseDeveloper|x64.ActiveCfg = ReleaseDeveloper|x64
		{AC091A25-308E-7BBC-9DA1-DD1920175B2F}.ReleaseDeveloper|x64.Build.0 = ReleaseDeveloper|x64
		{F80B9D3A-8FBA-6651-C4EB-AF1D77E23013}.Debug|Win32.ActiveCfg = Debug|x64
		{F80B9D3A-8FBA-6651-C4EB-AF1D77E23013}.Debug|x64.ActiveCfg = Debug|x64
		{F80B9D3A-8FBA-6651-C4EB-AF1D77E23013}.Debug|x64.Build.0 = Debug|x64
		{F80B9D3A-8FBA-6651-C4EB-AF1D77E23013}.Release|Win32.ActiveCfg = Release|x64
		{F80B9D3A-8FBA-6651-C4EB-AF1D77E23013}.Release|x64.ActiveCfg = Release|x64
		{F80B9D3A-8FBA-6651-C4EB-AF1D77E23013}.Release|x64.Build.0 = Release|x64
		{F80B9D3A-8FBA-6651-C4EB-AF1D77E23013}.ReleaseDeveloper|Win32.ActiveCfg = ReleaseDeveloper|x64
		{F80B9D3A-8FBA-6651-C4EB-AF1D77E23013}.ReleaseDeveloper|x64.ActiveCfg = ReleaseDeveloper|x64
		{F80B9D3A-8FBA-6651-C4EB-AF1D77E23013}.ReleaseDeveloper|x64.Build.0 = ReleaseDeveloper|x64
		{ACEFEE16-B082-2A88-A478-2925B76D5D0B}.Debug|Win32.ActiveCfg = Debug|x64
		{ACEFEE16-B082-2A88-A478-2925B76D5D0B}.Debug|x64.ActiveCfg = Debug|x64
		{ACEFEE16-B082-2A88-A478-2925B76D5D0B}.Debug|x64.Build.0 = Debug|x64
		{ACEFEE16-B082-2A88-A478-2925B76D5D0B}.Release|Win32.ActiveCfg = Release|x64
		{ACEFEE16-B082-2A88-A478-2925B76D5D0B}.Release|x64.ActiveCfg = Release|x64
		{ACEFEE16-B082-2A88-A478-2925B76D5D0B}.Release|x64.Build.0 = Release|x64
		{ACEFEE16-B082-2A88-A478-2925B76D5D0B}.ReleaseDeveloper|Win32.ActiveCfg = ReleaseDeveloper|x64
		{ACEFEE16-B082-2A88-A478-2925B76D5D0B}.ReleaseDeveloper|x64.ActiveCfg = ReleaseDeveloper|x64
		{ACEFEE16-B082-2A88-A478-2925B76D5D0B}.ReleaseDeveloper|x64.Build.0 = ReleaseDeveloper|x64
		{DA725089-1866-93C9-8C82-5F0B84D64DF9}.Debug|Win32.ActiveCfg = Debug|x64
		{DA725089-1866-93C9-8C82-5F0B84D64DF9}.Debug|x64.ActiveCfg = Debug|x64
		{DA725089-1866-93C9-8C82-5F0B84D64DF9}.Debug|x64.Build.0 = Debug|x64
		{DA725089-1866-93C9-8C82-5F0B84D64DF9}.Release|Win32.ActiveCfg = Release|x64
		{DA725089-1866-93C9-8C82-5F0B84D64DF9}.Release|x64.ActiveCfg = Release|x64
		{DA725089-1866-93C9-8C82-5F0B84D64DF9}.Release|x64.Build.0 = Release|x64
		{DA725089-1866-93C9-8C82-5F0B84D64DF9}.ReleaseDeveloper|Win32.ActiveCfg = ReleaseDeveloper|x64
		{DA725089-1866-93C9-8C82-5F0B84D64DF9}.ReleaseDeveloper|x64.ActiveCfg = ReleaseDeveloper|x64
		{DA725089-1866-93C9-8C82-5F0B84D64DF9}.ReleaseDeveloper|x64.Build.0 = ReleaseDeveloper|x64
		{E24EE56E-BB02-E3F6-4996-DFE8AAC49CE5}.Debug|Win32.ActiveCfg = Debug|x64
		{E24EE56E-BB02-E3F6-4996-DFE8AAC49CE5}.Debug|x64.ActiveCfg = Debug|x64
		{E24EE56E-BB02-E3F6-4996-DFE8AAC49CE5}.Debug|x64.Build.0 = Debug|x64
		{E24EE56E-BB02-E3F6-4996-DFE8AAC49CE5}.Release|Win32.ActiveCfg = Release|x64
		{E24EE56E-BB02-E3F6-4996-DFE8AAC49CE5}.Release|x64.ActiveCfg = Release|x64
		{E24EE56E-BB02-E3F6-4996-DFE8AAC49CE5}.Release|x64.Build.0 = Release|x64
		{E24EE56E-BB02-E3F6-4996-DFE8AAC49CE5}.ReleaseDeveloper|Win32.ActiveCfg = ReleaseDeveloper|x64
		{E24EE56E-BB02-E3F6-4996-DFE8AAC49CE5}.ReleaseDeveloper|x64.ActiveCfg = ReleaseDeveloper|x64
		{E24EE56E-BB02-E3F6-4996-DFE8AAC49CE5}.ReleaseDeveloper|x64.Build.0 = ReleaseDeveloper|x64
		{C7262688-861D-F8B2-9095-F023D8D74A06}.Debug|Win32.ActiveCfg = Debug|x64
		{C7262688-861D-F8B2-9095-F023D8D74A06}.Debug|x64.ActiveCfg = Debug|x64
		{C7262688-861D-F8B2-9095-F023D8D74A06}.Debug|x64.Build.0 = Debug|x64
		{C7262688-861D-F8B2-9095-F023D8D74A06}.Release|Win32.ActiveCfg = Release|x64
		{C7262688-861D-F8B2-9095-F023D8D74A06}.Release|x64.ActiveCfg = Release|x64
		{C7262688-861D-F8B2-9095-F023D8D74A06}.Release|x64.Build.0 = Release|x64
		{C7262688-861D-F8B2-9095-F023D8D74A06}.ReleaseDeveloper|Win32.ActiveCfg = ReleaseDeveloper|x64
		{C7262688-861D-F8B2-9095-F023D8D74A06}.ReleaseDeveloper|x64.ActiveCfg = ReleaseDeveloper|x64
		{C7262688-861D-F8B2-9095-F023D8D74A06}.ReleaseDeveloper|x64.Build.0 = ReleaseDeveloper|x64
		{C2301093-9167-5410-27D2-A7ED541FB66E}.Debug|Win32.ActiveCfg = Debug|x64
		{C2301093-9167-5410-27D2-A7ED541FB66E}.Debug|x64.ActiveCfg = Debug|x64
		{C2301093-9167-5410-27D2-A7ED541FB66E}.Debug|x64.Build.0 = Debug|x64
		{C2301093-9167-5410-27D2-A7ED541FB66E}.Release|Win32.ActiveCfg = Release|x64
		{C2301093-9167-5410-27D2-A7ED541FB66E}.Release|x64.ActiveCfg = Release|x64
		{C2301093-9167-5410-27D2-A7ED541FB66E}.Release|x64.Build.0 = Release|x64
		{C2301093-9167-5410-27D2-A7ED541FB66E}.ReleaseDeveloper|Win32.ActiveCfg = ReleaseDeveloper|x64
		{C2301093-9167-5410-27D2-A7ED541FB66E}.ReleaseDeveloper|x64.ActiveCfg = ReleaseDeveloper|x64
		{C2301093-9167-5410-27D2-A7ED541FB66E}.ReleaseDeveloper|x64.Build.0 = ReleaseDeveloper|x64
		{2C63BD0D-BBC8-27A4-7757-E58B0CFF497D}.Debug|Win32.ActiveCfg = Debug|x64
		{2C63BD0D-BBC8-27A4-7757-E58B0CFF497D}.Debug|x64.ActiveCfg = Debug|x64
		{2C63BD0D-BBC8-27A4-7757-E58B0CFF497D}.Debug|x64.Build.0 = Debug|x64
		{2C63BD0D-BBC8-27A4-7757-E58B0CFF497D}.Release|Win32.ActiveCfg = Release|x64
		{2C63BD0D-BBC8-27A4-7757-E58B0CFF497D}.Release|x64.ActiveCfg = Release|x64
		{2C63BD0D-BBC8-27A4-7757-E58B0CFF497D}.Release|x64.Build.0 = Release|x64
		{2C63BD0D-BBC8-27A4-7757-E58B0CFF497D}.ReleaseDeveloper|Win32.ActiveCfg = ReleaseDeveloper|x64
		{2C63BD0D-BBC8-27A4-7757-E58B0CFF497D}.ReleaseDeveloper|x64.ActiveCfg = ReleaseDeveloper|x64
		{2C63BD0D-BBC8-27A4-7757-E58B0CFF497D}.ReleaseDeveloper|x64.Build.0 = ReleaseDeveloper|x64
		{7F923465-8BD3-349A-92BE-82F93591AC6A}.Debug|Win32.ActiveCfg = Debug|x64
		{7F923465-8BD3-349A-92BE-82F93591AC6A}.Debug|x64.ActiveCfg = Debug|x64
		{7F923465-8BD3-349A-92BE-82F93591AC6A}.Debug|x64.Build.0 = Debug|x64
		{7F923465-8BD3-349A-92BE-82F93591AC6A}.Release|Win32.ActiveCfg = Release|x64
		{7F923465-8BD3-349A-92BE-82F93591AC6A}.Release|x64.ActiveCfg = Release|x64
		{7F923465-8BD3-349A-92BE-82F93591AC6A}.Release|x64.Build.0 = Release|x64
		{7F923465-8BD3-349A-92BE-82F93591AC6A}.ReleaseDeveloper|Win32.ActiveCfg = ReleaseDeveloper|x64
		{7F923465-8BD3-349A-92BE-82F93591AC6A}.ReleaseDeveloper|x64.ActiveCfg = ReleaseDeveloper|x64
		{7F923465-8BD3-349A-92BE-82F93591AC6A}.ReleaseDeveloper|x64.Build.0 = ReleaseDeveloper|x64
		{5636527D-53CA-6417-23B1-4AC0173B21D4}.Debug|Win32.ActiveCfg = Debug|x64
		{5636527D-53CA-6417-23B1-4AC0173B21D4}.Debug|x64.ActiveCfg = Debug|x64
		{5636527D-53CA-6417-23B1-4AC0173B21D4}.Debug|x64.Build.0 = Debug|x64
		{5636527D-53CA-6417-23B1-4AC0173B21D4}.Release|Win32.ActiveCfg = Release|x64
		{5636527D-53CA-6417-23B1-4AC0173B21D4}.Release|x64.ActiveCfg = Release|x64
		{5636527D-53CA-6417-23B1-4AC0173B21D4}.Release|x64.Build.0 = Release|x64
		{5636527D-53CA-6417-23B1-4AC0173B21D4}.ReleaseDeveloper|Win32.ActiveCfg = ReleaseDeveloper|x64
		{5636527D-53CA-6417-23B1-4AC0173B21D4}.ReleaseDeveloper|x64.ActiveCfg = ReleaseDeveloper|x64
		{5636527D-53CA-6417-23B1-4AC0173B21D4}.ReleaseDeveloper|x64.Build.0 = ReleaseDeveloper|x64
		{7DE8DEDA-2C9D-F0F4-214F-0DDBA34962BA}.Debug|Win32.ActiveCfg = Debug|x64
		{7DE8DEDA-2C9D-F0F4-214F-0DDBA34962BA}.Debug|x64.ActiveCfg = Debug|x64
		{7DE8DEDA-2C9D-F0F4-214F-0DDBA34962BA}.Debug|x64.Build.0 = Debug|x64
		{7DE8DEDA-2C9D-F0F4-214F-0DDBA34962BA}.Release|Win32.ActiveCfg = Release|x64
		{7DE8DEDA-2C9D-F0F4-214F-0DDBA34962BA}.Release|x64.ActiveCfg = Release|x64
		{7DE8DEDA-2C9D-F0F4-214F-0DDBA34962BA}.Release|x64.Build.0 = Release|x64
		{7DE8DEDA-2C9D-F0F4-214F-0DDBA34962BA}.ReleaseDeveloper|Win32.ActiveCfg = ReleaseDeveloper|x64
		{7DE8DEDA-2C9D-F0F4-214F-0DDBA34962BA}.ReleaseDeveloper|x64.ActiveCfg = ReleaseDeveloper|x64
		{7DE8DEDA-2C9D-F0F4-214F-0DDBA34962BA}.ReleaseDeveloper|x64.Build.0 = ReleaseDeveloper|x64
		{D5092DE6-EA69-3D43-1C36-92D358B87E65}.Debug|Win32.ActiveCfg = Debug|x64
		{D5092DE6-EA69-3D43-1C36-92D358B87E65}.Debug|x64.ActiveCfg = Debug|x64
		{D5092DE6-EA69-3D43-1C36-92D358B87E65}.Debug|x64.Build.0 = Debug|x64
		{D5092DE6-EA69-3D43-1C36-92D358B87E65}.Release|Win32.ActiveCfg = Release|x64
		{D5092DE6-EA69-3D43-1C36-92D358B87E65}.Release|x64.ActiveCfg = Release|x64
		{D5092DE6-EA69-3D43-1C36-92D358B87E65}.Release|x64.Build.0 = Release|x64
		{D5092DE6-EA69-3D43-1C36-92D358B87E65}.ReleaseDeveloper|Win32.ActiveCfg = ReleaseDeveloper|x64
		{D5092DE6-EA69-3D43-1C36-92D358B87E65}.ReleaseDeveloper|x64.ActiveCfg = ReleaseDeveloper|x64
		{D5092DE6-EA69-3D43-1C36-92D358B87E65}.ReleaseDeveloper|x64.Build.0 = ReleaseDeveloper|x64
		{4C4ACF24-96A3-D950-D8DC-F0FE38871FBC}.Debug|Win32.ActiveCfg = Debug|x64
		{4C4ACF24-96A3-D950-D8DC-F0FE38871FBC}.Debug|x64.ActiveCfg = Debug|x64
		{4C4ACF24-96A3-D950-D8DC-F0FE38871FBC}.Debug|x64.Build.0 = Debug|x64
		{4C4ACF24-96A3-D950-D8DC-F0FE38871FBC}.Release|Win32.ActiveCfg = Release|x64
		{4C4ACF24-96A3-D950-D8DC-F0FE38871FBC}.Release|x64.ActiveCfg = Release|x64
		{4C4ACF24-96A3-D950-D8DC-F0FE38871FBC}.Release|x64.Build.0 = Release|x64
		{4C4ACF24-96A3-D950-D8DC-F0FE38871FBC}.ReleaseDeveloper|Win32.ActiveCfg = ReleaseDeveloper|x64
		{4C4ACF24-96A3-D950-D8DC-F0FE38871FBC}.ReleaseDeveloper|x64.ActiveCfg = ReleaseDeveloper|x64
		{4C4ACF24-96A3-D950-D8DC-F0FE38871FBC}.ReleaseDeveloper|x64.Build.0 = ReleaseDeveloper|x64
		{3C621C1F-25BA-4D9C-7157-9EAB5E9FE039}.Debug|Win32.ActiveCfg = Debug|x64
		{3C621C1F-25BA-4D9C-7157-9EAB5E9FE039}.Debug|x64.ActiveCfg = Debug|x64
		{3C621C1F-25BA-4D9C-7157-9EAB5E9FE039}.Debug|x64.Build.0 = Debug|x64
		{3C621C1F-25BA-4D9C-7157-9EAB5E9FE039}.Release|Win32.ActiveCfg = Release|x64
		{3C621C1F-25BA-4D9C-7157-9EAB5E9FE039}.Release|x64.ActiveCfg = Release|x64
		{3C621C1F-25BA-4D9C-7157-9EAB5E9FE039}.Release|x64.Build.0 = Release|x64
		{3C621C1F-25BA-4D9C-7157-9EAB5E9FE039}.ReleaseDeveloper|Win32.ActiveCfg = ReleaseDeveloper|x64
		{3C621C1F-25BA-4D9C-7157-9EAB5E9FE039}.ReleaseDeveloper|x64.ActiveCfg = ReleaseDeveloper|x64
		{3C621C1F-25BA-4D9C-7157-9EAB5E9FE039}.ReleaseDeveloper|x64.Build.0 = ReleaseDeveloper|x64
		{83C3F91F-1DE0-7307-DB96-4D6EEEF86014}.Debug|Win32.ActiveCfg = Debug|x64
		{83C3F91F-1DE0-7307-DB96-4D6EEEF86014}.Debug|x64.ActiveCfg = Debug|x64
		{83C3F91F-1DE0-7307-DB96-4D6EEEF86014}.Debug|x64.Build.0 = Debug|x64
		{83C3F91F-1DE0-7307-DB96-4D6EEEF86014}.Release|Win32.ActiveCfg = Release|x64
		{83C3F91F-1DE0-7307-DB96-4D6EEEF86014}.Release|x64.ActiveCfg = Release|x64
		{83C3F91F-1DE0-7307-DB96-4D6EEEF86014}.Release|x64.Build.0 = Release|x64
		{83C3F91F-1DE0-7307-DB96-4D6EEEF86014}.ReleaseDeveloper|Win32.ActiveCfg = ReleaseDeveloper|x64
		{83C3F91F-1DE0-7307-DB96-4D6EEEF86014}.ReleaseDeveloper|x64.ActiveCfg = ReleaseDeveloper|x64
		{83C3F91F-1DE0-7307-DB96-4D6EEEF86014}.ReleaseDeveloper|x64.Build.0 = ReleaseDeveloper|x64
		{A62C2434-1D02-D302-82FC-ECA8A9A2D25E}.Debug|Win32.ActiveCfg = Debug|x64
		{A62C2434-1D02-D302-82FC-ECA8A9A2D25E}.Debug|x64.ActiveCfg = Debug|x64
		{A62C2434-1D02-D302-82FC-ECA8A9A2D25E}.Debug|x64.Build.0 = Debug|x64
		{A62C2434-1D02-D302-82FC-ECA8A9A2D25E}.Release|Win32.ActiveCfg = Release|x64
		{A62C2434-1D02-D302-82FC-ECA8A9A2D25E}.Release|x64.ActiveCfg = Release|x64
		{A62C2434-1D02-D302-82FC-ECA8A9A2D25E}.Release|x64.Build.0 = Release|x64
		{A62C2434-1D02-D302-82FC-ECA8A9A2D25E}.ReleaseDeveloper|Win32.ActiveCfg = ReleaseDeveloper|x64
		{A62C2434-1D02-D302-82FC-ECA8A9A2D25E}.ReleaseDeveloper|x64.ActiveCfg = ReleaseDeveloper|x64
		{A62C2434-1D02-D302-82FC-ECA8A9A2D25E}.ReleaseDeveloper|x64.Build.0 = ReleaseDeveloper|x64
		{4BC36DD8-94DF-820B-676D-1E9497BC443A}.Debug|Win32.ActiveCfg = Debug|x64
		{4BC36DD8-94DF-820B-676D-1E9497BC443A}.Debug|x64.ActiveCfg = Debug|x64
		{4BC36DD8-94DF-820B-676D-1E9497BC443A}.Debug|x64.Build.0 = Debug|x64
		{4BC36DD8-94DF-820B-676D-1E9497BC443A}.Release|Win32.ActiveCfg = Release|x64
		{4BC36DD8-94DF-820B-676D-1E9497BC443A}.Release|x64.ActiveCfg = Release|x64
		{4BC36DD8-94DF-820B-676D-1E9497BC443A}.Release|x64.Build.0 = Release|x64
		{4BC36DD8-94DF-820B-676D-1E9497BC443A}.ReleaseDeveloper|Win32.ActiveCfg = ReleaseDeveloper|x64
		{4BC36DD8-94DF-820B-676D-1E9497BC443A}.ReleaseDeveloper|x64.ActiveCfg = ReleaseDeveloper|x64
		{4BC36DD8-94DF-820B-676D-1E9497BC443A}.ReleaseDeveloper|x64.Build.0 = ReleaseDeveloper|x64
		{80531BD2-CCC9-FA7F-6B0F-D6738BAA0ED8}.Debug|Win32.ActiveCfg = Debug|x64
		{80531BD2-CCC9-FA7F-6B0F-D6738BAA0ED8}.Debug|x64.ActiveCfg = Debug|x64
		{80531BD2-CCC9-FA7F-6B0F-D6738BAA0ED8}.Debug|x64.Build.0 = Debug|x64
		{80531BD2-CCC9-FA7F-6B0F-D6738BAA0ED8}.Release|Win32.ActiveCfg = Release|x64
		{80531BD2-CCC9-FA7F-6B0F-D6738BAA0ED8}.Release|x64.ActiveCfg = Release|x64
		{80531BD2-CCC9-FA7F-6B0F-D6738BAA0ED8}.Release|x64.Build.0 = Release|x64
		{80531BD2-CCC9-FA7F-6B0F-D6738BAA0ED8}.ReleaseDeveloper|Win32.ActiveCfg = ReleaseDeveloper|x64
		{80531BD2-CCC9-FA7F-6B0F-D6738BAA0ED8}.ReleaseDeveloper|x64.ActiveCfg = ReleaseDeveloper|x64
		{80531BD2-CCC9-FA7F-6B0F-D6738BAA0ED8}.ReleaseDeveloper|x64.Build.0 = ReleaseDeveloper|x64
		{FC5F854D-57A6-EDBB-158E-E6E58A1B8B58}.Debug|Win32.ActiveCfg = Debug|x64
		{FC5F854D-57A6-EDBB-158E-E6E58A1B8B58}.Debug|x64.ActiveCfg = Debug|x64
		{FC5F854D-57A6-EDBB-158E-E6E58A1B8B58}.Debug|x64.Build.0 = Debug|x64
		{FC5F854D-57A6-EDBB-158E-E6E58A1B8B58}.Release|Win32.ActiveCfg = Release|x64
		{FC5F854D-57A6-EDBB-158E-E6E58A1B8B58}.Release|x64.ActiveCfg = Release|x64
		{FC5F854D-57A6-EDBB-158E-E6E58A1B8B58}.Release|x64.Build.0 = Release|x64
		{FC5F854D-57A6-EDBB-158E-E6E58A1B8B58}.ReleaseDeveloper|Win32.ActiveCfg = ReleaseDeveloper|x64
		{FC5F854D-57A6-EDBB-158E-E6E58A1B8B58}.ReleaseDeveloper|x64.ActiveCfg = ReleaseDeveloper|x64
		{FC5F854D-57A6-EDBB-158E-E6E58A1B8B58}.ReleaseDeveloper|x64.Build.0 = ReleaseDeveloper|x64
		{D5D8251E-905F-7BD2-3A83-B6FB954B06BA}.Debug|Win32.ActiveCfg = Debug|x64
		{D5D8251E-905F-7BD2-3A83-B6FB954B06BA}.Debug|x64.ActiveCfg = Debug|x64
		{D5D8251E-905F-7BD2-3A83-B6FB954B06BA}.Debug|x64.Build.0 = Debug|x64
		{D5D8251E-905F-7BD2-3A83-B6FB954B06BA}.Release|Win32.ActiveCfg = Release|x64
		{D5D8251E-905F-7BD2-3A83-B6FB954B06BA}.Release|x64.ActiveCfg = Release|x64
		{D5D8251E-905F-7BD2-3A83-B6FB954B06BA}.Release|x64.Build.0 = Release|x64
		{D5D8251E-905F-7BD2-3A83-B6FB954B06BA}.ReleaseDeveloper|Win32.ActiveCfg = ReleaseDeveloper|x64
		{D5D8251E-905F-7BD2-3A83-B6FB954B06BA}.ReleaseDeveloper|x64.ActiveCfg = ReleaseDeveloper|x64
		{D5D8251E-905F-7BD2-3A83-B6FB954B06BA}.ReleaseDeveloper|x64.Build.0 = ReleaseDeveloper|x64
		{E23AA0CB-42C6-444C-BD69-6E6169D76FC1}.Debug|Win32.ActiveCfg = Debug|x64
		{E23AA0CB-42C6-444C-BD69-6E6169D76FC1}.Debug|x64.ActiveCfg = Debug|x64
		{E23AA0CB-42C6-444C-BD69-6E6169D76FC1}.Debug|x64.Build.0 = Debug|x64
		{E23AA0CB-42C6-444C-BD69-6E6169D76FC1}.Release|Win32.ActiveCfg = Release|x64
		{E23AA0CB-42C6-444C-BD69-6E6169D76FC1}.Release|x64.ActiveCfg = Release|x64
		{E23AA0CB-42C6-444C-BD69-6E6169D76FC1}.Release|x64.Build.0 = Release|x64
		{E23AA0CB-42C6-444C-BD69-6E6169D76FC1}.ReleaseDeveloper|Win32.ActiveCfg = ReleaseDeveloper|x64
		{E23AA0CB-42C6-444C-BD69-6E6169D76FC1}.ReleaseDeveloper|x64.ActiveCfg = ReleaseDeveloper|x64
		{E23AA0CB-42C6-444C-BD69-6E6169D76FC1}.ReleaseDeveloper|x64.Build.0 = ReleaseDeveloper|x64
		{AD113C30-0819-8659-4847-7AC4A8CC1F83}.Debug|Win32.ActiveCfg = Debug|x64
		{AD113C30-0819-8659-4847-7AC4A8CC1F83}.Debug|x64.ActiveCfg = Debug|x64
		{AD113C30-0819-8659-4847-7AC4A8CC1F83}.Debug|x64.Build.0 = Debug|x64
		{AD113C30-0819-8659-4847-7AC4A8CC1F83}.Release|Win32.ActiveCfg = Release|x64
		{AD113C30-0819-8659-4847-7AC4A8CC1F83}.Release|x64.ActiveCfg = Release|x64
		{AD113C30-0819-8659-4847-7AC4A8CC1F83}.Release|x64.Build.0 = Release|x64
		{AD113C30-0819-8659-4847-7AC4A8CC1F83}.ReleaseDeveloper|Win32.ActiveCfg = ReleaseDeveloper|x64
		{AD113C30-0819-8659-4847-7AC4A8CC1F83}.ReleaseDeveloper|x64.ActiveCfg = ReleaseDeveloper|x64
		{AD113C30-0819-8659-4847-7AC4A8CC1F83}.ReleaseDeveloper|x64.Build.0 = ReleaseDeveloper|x64
		{BAB33772-7FFE-522E-608E-A7642D9FB467}.Debug|Win32.ActiveCfg = Debug|x64
		{BAB33772-7FFE-522E-608E-A7642D9FB467}.Debug|x64.ActiveCfg = Debug|x64
		{BAB33772-7FFE-522E-608E-A7642D9FB467}.Debug|x64.Build.0 = Debug|x64
		{BAB33772-7FFE-522E-608E-A7642D9FB467}.Release|Win32.ActiveCfg = Release|x64
		{BAB33772-7FFE-522E-608E-A7642D9FB467}.Release|x64.ActiveCfg = Release|x64
		{BAB33772-7FFE-522E-608E-A7642D9FB467}.Release|x64.Build.0 = Release|x64
		{BAB33772-7FFE-522E-608E-A7642D9FB467}.ReleaseDeveloper|Win32.ActiveCfg = ReleaseDeveloper|x64
		{BAB33772-7FFE-522E-608E-A7642D9FB467}.ReleaseDeveloper|x64.ActiveCfg = ReleaseDeveloper|x64
		{BAB33772-7FFE-522E-608E-A7642D9FB467}.ReleaseDeveloper|x64.Build.0 = ReleaseDeveloper|x64
		{194DD695-BF91-1C6D-22E4-FE7B8BBC7547}.Debug|Win32.ActiveCfg = Debug|x64
		{194DD695-BF91-1C6D-22E4-FE7B8BBC7547}.Debug|x64.ActiveCfg = Debug|x64
		{194DD695-BF91-1C6D-22E4-FE7B8BBC7547}.Debug|x64.Build.0 = Debug|x64
		{194DD695-BF91-1C6D-22E4-FE7B8BBC7547}.Release|Win32.ActiveCfg = Release|x64
		{194DD695-BF91-1C6D-22E4-FE7B8BBC7547}.Release|x64.ActiveCfg = Release|x64
		{194DD695-BF91-1C6D-22E4-FE7B8BBC7547}.Release|x64.Build.0 = Release|x64
		{194DD695-BF91-1C6D-22E4-FE7B8BBC7547}.ReleaseDeveloper|Win32.ActiveCfg = ReleaseDeveloper|x64
		{194DD695-BF91-1C6D-22E4-FE7B8BBC7547}.ReleaseDeveloper|x64.ActiveCfg = ReleaseDeveloper|x64
		{194DD695-BF91-1C6D-22E4-FE7B8BBC7547}.ReleaseDeveloper|x64.Build.0 = ReleaseDeveloper|x64
		{79AC38EF-89A1-6B41-1983-CCF019EB065D}.Debug|Win32.ActiveCfg = Debug|x64
		{79AC38EF-89A1-6B41-1983-CCF019EB065D}.Debug|x64.ActiveCfg = Debug|x64
		{79AC38EF-89A1-6B41-1983-CCF019EB065D}.Debug|x64.Build.0 = Debug|x64
		{79AC38EF-89A1-6B41-1983-CCF019EB065D}.Release|Win32.ActiveCfg = Release|x64
		{79AC38EF-89A1-6B41-1983-CCF019EB065D}.Release|x64.ActiveCfg = Release|x64
		{79AC38EF-89A1-6B41-1983-CCF019EB065D}.Release|x64.Build.0 = Release|x64
		{79AC38EF-89A1-6B41-1983-CCF019EB065D}.ReleaseDeveloper|Win32.ActiveCfg = ReleaseDeveloper|x64
		{79AC38EF-89A1-6B41-1983-CCF019EB065D}.ReleaseDeveloper|x64.ActiveCfg = ReleaseDeveloper|x64
		{79AC38EF-89A1-6B41-1983-CCF019EB065D}.ReleaseDeveloper|x64.Build.0 = ReleaseDeveloper|x64
		{1EB27EA4-61E5-FC6C-358B-8557CF38C00C}.Debug|Win32.ActiveCfg = Debug|x64
		{1EB27EA4-61E5-FC6C-358B-8557CF38C00C}.Debug|x64.ActiveCfg = Debug|x64
		{1EB27EA4-61E5-FC6C-358B-8557CF38C00C}.Debug|x64.Build.0 = Debug|x64
		{1EB27EA4-61E5-FC6C-358B-8557CF38C00C}.Release|Win32.ActiveCfg = Release|x64
		{1EB27EA4-61E5-FC6C-358B-8557CF38C00C}.Release|x64.ActiveCfg = Release|x64
		{1EB27EA4-61E5-FC6C-358B-8557CF38C00C}.Release|x64.Build.0 = Release|x64
		{1EB27EA4-61E5-FC6C-358B-8557CF38C00C}.ReleaseDeveloper|Win32.ActiveCfg = ReleaseDeveloper|x64
		{1EB27EA4-61E5-FC6C-358B-8557CF38C00C}.ReleaseDeveloper|x64.ActiveCfg = ReleaseDeveloper|x64
		{1EB27EA4-61E5-FC6C-358B-8557CF38C00C}.ReleaseDeveloper|x64.Build.0 = ReleaseDeveloper|x64
		{D596D985-664A-B70C-8965-45F829B2C1A9}.Debug|Win32.ActiveCfg = Debug|x64
		{D596D985-664A-B70C-8965-45F829B2C1A9}.Debug|x64.ActiveCfg = Debug|x64
		{D596D985-664A-B70C-8965-45F829B2C1A9}.Debug|x64.Build.0 = Debug|x64
		{D596D985-664A-B70C-8965-45F829B2C1A9}.Release|Win32.ActiveCfg = Release|x64
		{D596D985-664A-B70C-8965-45F829B2C1A9}.Release|x64.ActiveCfg = Release|x64
		{D596D985-664A-B70C-8965-45F829B2C1A9}.Release|x64.Build.0 = Release|x64
		{D596D985-664A-B70C-8965-45F829B2C1A9}.ReleaseDeveloper|Win32.ActiveCfg = ReleaseDeveloper|x64
		{D596D985-664A-B70C-8965-45F829B2C1A9}.ReleaseDeveloper|x64.ActiveCfg = ReleaseDeveloper|x64
		{D596D985-664A-B70C-8965-45F829B2C1A9}.ReleaseDeveloper|x64.Build.0 = ReleaseDeveloper|x64
		{836EC36F-9335-BEEC-CA7B-DCCE8AF26F91}.Debug|Win32.ActiveCfg = Debug|x64
		{836EC36F-9335-BEEC-CA7B-DCCE8AF26F91}.Debug|x64.ActiveCfg = Debug|x64
		{836EC36F-9335-BEEC-CA7B-DCCE8AF26F91}.Debug|x64.Build.0 = Debug|x64
		{836EC36F-9335-BEEC-CA7B-DCCE8AF26F91}.Release|Win32.ActiveCfg = Release|x64
		{836EC36F-9335-BEEC-CA7B-DCCE8AF26F91}.Release|x64.ActiveCfg = Release|x64
		{836EC36F-9335-BEEC-CA7B-DCCE8AF26F91}.Release|x64.Build.0 = Release|x64
		{836EC36F-9335-BEEC-CA7B-DCCE8AF26F91}.ReleaseDeveloper|Win32.ActiveCfg = ReleaseDeveloper|x64
		{836EC36F-9335-BEEC-CA7B-DCCE8AF26F91}.ReleaseDeveloper|x64.ActiveCfg = ReleaseDeveloper|x64
		{836EC36F-9335-BEEC-CA7B-DCCE8AF26F91}.ReleaseDeveloper|x64.Build.0 = ReleaseDeveloper|x64
		{EE42AC09-20F3-9DBE-3361-8E2BB4E5E6CD}.Debug|Win32.ActiveCfg = Debug|x64
		{EE42AC09-20F3-9DBE-3361-8E2BB4E5E6CD}.Debug|x64.ActiveCfg = Debug|x64
		{EE42AC09-20F3-9DBE-3361-8E2BB4E5E6CD}.Debug|x64.Build.0 = Debug|x64
		{EE42AC09-20F3-9DBE-3361-8E2BB4E5E6CD}.Release|Win32.ActiveCfg = Release|x64
		{EE42AC09-20F3-9DBE-3361-8E2BB4E5E6CD}.Release|x64.ActiveCfg = Release|x64
		{EE42AC09-20F3-9DBE-3361-8E2BB4E5E6CD}.Release|x64.Build.0 = Release|x64
		{EE42AC09-20F3-9DBE-3361-8E2BB4E5E6CD}.ReleaseDeveloper|Win32.ActiveCfg = ReleaseDeveloper|x64
		{EE42AC09-20F3-9DBE-3361-8E2BB4E5E6CD}.ReleaseDeveloper|x64.ActiveCfg = ReleaseDeveloper|x64
		{EE42AC09-20F3-9DBE-3361-8E2BB4E5E6CD}.ReleaseDeveloper|x64.Build.0 = ReleaseDeveloper|x64
		{C5DD559C-7F43-3A89-CBC4-63DF7D2C9204}.Debug|Win32.ActiveCfg = Debug|x64
		{C5DD559C-7F43-3A89-CBC4-63DF7D2C9204}.Debug|x64.ActiveCfg = Debug|x64
		{C5DD559C-7F43-3A89-CBC4-63DF7D2C9204}.Debug|x64.Build.0 = Debug|x64
		{C5DD559C-7F43-3A89-CBC4-63DF7D2C9204}.Release|Win32.ActiveCfg = Release|x64
		{C5DD559C-7F43-3A89-CBC4-63DF7D2C9204}.Release|x64.ActiveCfg = Release|x64
		{C5DD559C-7F43-3A89-CBC4-63DF7D2C9204}.Release|x64.Build.0 = Release|x64
		{C5DD559C-7F43-3A89-CBC4-63DF7D2C9204}.ReleaseDeveloper|Win32.ActiveCfg = ReleaseDeveloper|x64
		{C5DD559C-7F43-3A89-CBC4-63DF7D2C9204}.ReleaseDeveloper|x64.ActiveCfg = ReleaseDeveloper|x64
		{C5DD559C-7F43-3A89-CBC4-63DF7D2C9204}.ReleaseDeveloper|x64.Build.0 = ReleaseDeveloper|x64
		{2C56CB27-6590-50F6-2135-7310A0352D07}.Debug|Win32.ActiveCfg = Debug|x64
		{2C56CB27-6590-50F6-2135-7310A0352D07}.Debug|x64.ActiveCfg = Debug|x64
		{2C56CB27-6590-50F6-2135-7310A0352D07}.Debug|x64.Build.0 = Debug|x64
		{2C56CB27-6590-50F6-2135-7310A0352D07}.Release|Win32.ActiveCfg = Release|x64
		{2C56CB27-6590-50F6-2135-7310A0352D07}.Release|x64.ActiveCfg = Release|x64
		{2C56CB27-6590-50F6-2135-7310A0352D07}.Release|x64.Build.0 = Release|x64
		{2C56CB27-6590-50F6-2135-7310A0352D07}.ReleaseDeveloper|Win32.ActiveCfg = ReleaseDeveloper|x64
		{2C56CB27-6590-50F6-2135-7310A0352D07}.ReleaseDeveloper|x64.ActiveCfg = ReleaseDeveloper|x64
		{2C56CB27-6590-50F6-2135-7310A0352D07}.ReleaseDeveloper|x64.Build.0 = ReleaseDeveloper|x64
		{96E68678-C2B9-6DE1-F644-48FB504971DB}.Debug|Win32.ActiveCfg = Debug|x64
		{96E68678-C2B9-6DE1-F644-48FB504971DB}.Debug|x64.ActiveCfg = Debug|x64
		{96E68678-C2B9-6DE1-F644-48FB504971DB}.Debug|x64.Build.0 = Debug|x64
		{96E68678-C2B9-6DE1-F644-48FB504971DB}.Release|Win32.ActiveCfg = Release|x64
		{96E68678-C2B9-6DE1-F644-48FB504971DB}.Release|x64.ActiveCfg = Release|x64
		{96E68678-C2B9-6DE1-F644-48FB504971DB}.Release|x64.Build.0 = Release|x64
		{96E68678-C2B9-6DE1-F644-48FB504971DB}.ReleaseDeveloper|Win32.ActiveCfg = ReleaseDeveloper|x64
		{96E68678-C2B9-6DE1-F644-48FB504971DB}.ReleaseDeveloper|x64.ActiveCfg = ReleaseDeveloper|x64
		{96E68678-C2B9-6DE1-F644-48FB504971DB}.ReleaseDeveloper|x64.Build.0 = ReleaseDeveloper|x64
		{441D6FA6-3335-90C7-0D48-A10A2C02CDDC}.Debug|Win32.ActiveCfg = Debug|x64
		{441D6FA6-3335-90C7-0D48-A10A2C02CDDC}.Debug|x64.ActiveCfg = Debug|x64
		{441D6FA6-3335-90C7-0D48-A10A2C02CDDC}.Debug|x64.Build.0 = Debug|x64
		{441D6FA6-3335-90C7-0D48-A10A2C02CDDC}.Release|Win32.ActiveCfg = Release|x64
		{441D6FA6-3335-90C7-0D48-A10A2C02CDDC}.Release|x64.ActiveCfg = Release|x64
		{441D6FA6-3335-90C7-0D48-A10A2C02CDDC}.Release|x64.Build.0 = Release|x64
		{441D6FA6-3335-90C7-0D48-A10A2C02CDDC}.ReleaseDeveloper|Win32.ActiveCfg = ReleaseDeveloper|x64
		{441D6FA6-3335-90C7-0D48-A10A2C02CDDC}.ReleaseDeveloper|x64.ActiveCfg = ReleaseDeveloper|x64
		{441D6FA6-3335-90C7-0D48-A10A2C02CDDC}.ReleaseDeveloper|x64.Build.0 = ReleaseDeveloper|x64
		{5CB053BF-4AE4-D82B-1F7F-44BA0178A0A2}.Debug|Win32.ActiveCfg = Debug|x64
		{5CB053BF-4AE4-D82B-1F7F-44BA0178A0A2}.Debug|x64.ActiveCfg = Debug|x64
		{5CB053BF-4AE4-D82B-1F7F-44BA0178A0A2}.Debug|x64.Build.0 = Debug|x64
		{5CB053BF-4AE4-D82B-1F7F-44BA0178A0A2}.Release|Win32.ActiveCfg = Release|x64
		{5CB053BF-4AE4-D82B-1F7F-44BA0178A0A2}.Release|x64.ActiveCfg = Release|x64
		{5CB053BF-4AE4-D82B-1F7F-44BA0178A0A2}.Release|x64.Build.0 = Release|x64
		{5CB053BF-4AE4-D82B-1F7F-44BA0178A0A2}.ReleaseDeveloper|Win32.ActiveCfg = ReleaseDeveloper|x64
		{5CB053BF-4AE4-D82B-1F7F-44BA0178A0A2}.ReleaseDeveloper|x64.ActiveCfg = ReleaseDeveloper|x64
		{5CB053BF-4AE4-D82B-1F7F-44BA0178A0A2}.ReleaseDeveloper|x64.Build.0 = ReleaseDeveloper|x64
		{1B137AC2-7962-66DC-1C58-C4794C3C9B79}.Debug|Win32.ActiveCfg = Debug|x64
		{1B137AC2-7962-66DC-1C58-C4794C3C9B79}.Debug|x64.ActiveCfg = Debug|x64
		{1B137AC2-7962-66DC-1C58-C4794C3C9B79}.Debug|x64.Build.0 = Debug|x64
		{1B137AC2-7962-66DC-1C58-C4794C3C9B79}.Release|Win32.ActiveCfg = Release|x64
		{1B137AC2-7962-66DC-1C58-C4794C3C9B79}.Release|x64.ActiveCfg = Release|x64
		{1B137AC2-7962-66DC-1C58-C4794C3C9B79}.Release|x64.Build.0 = Release|x64
		{1B137AC2-7962-66DC-1C58-C4794C3C9B79}.ReleaseDeveloper|Win32.ActiveCfg = ReleaseDeveloper|x64
		{1B137AC2-7962-66DC-1C58-C4794C3C9B79}.ReleaseDeveloper|x64.ActiveCfg = ReleaseDeveloper|x64
		{1B137AC2-7962-66DC-1C58-C4794C3C9B79}.ReleaseDeveloper|x64.Build.0 = ReleaseDeveloper|x64
		{33DF966C-F9E1-16E5-0185-F5DDB3359D7D}.Debug|Win32.ActiveCfg = Debug|x64
		{33DF966C-F9E1-16E5-0185-F5DDB3359D7D}.Debug|x64.ActiveCfg = Debug|x64
		{33DF966C-F9E1-16E5-0185-F5DDB3359D7D}.Debug|x64.Build.0 = Debug|x64
		{33DF966C-F9E1-16E5-0185-F5DDB3359D7D}.Release|Win32.ActiveCfg = Release|x64
		{33DF966C-F9E1-16E5-0185-F5DDB3359D7D}.Release|x64.ActiveCfg = Release|x64
		{33DF966C-F9E1-16E5-0185-F5DDB3359D7D}.Release|x64.Build.0 = Release|x64
		{33DF966C-F9E1-16E5-0185-F5DDB3359D7D}.ReleaseDeveloper|Win32.ActiveCfg = ReleaseDeveloper|x64
		{33DF966C-F9E1-16E5-0185-F5DDB3359D7D}.ReleaseDeveloper|x64.ActiveCfg = ReleaseDeveloper|x64
		{33DF966C-F9E1-16E5-0185-F5DDB3359D7D}.ReleaseDeveloper|x64.Build.0 = ReleaseDeveloper|x64
		{3F8BF1F8-56A6-CE20-D217-456F75AD2033}.Debug|Win32.ActiveCfg = Debug|x64
		{3F8BF1F8-56A6-CE20-D217-456F75AD2033}.Debug|x64.ActiveCfg = Debug|x64
		{3F8BF1F8-56A6-CE20-D217-456F75AD2033}.Debug|x64.Build.0 = Debug|x64
		{3F8BF1F8-56A6-CE20-D217-456F75AD2033}.Release|Win32.ActiveCfg = Release|x64
		{3F8BF1F8-56A6-CE20-D217-456F75AD2033}.Release|x64.ActiveCfg = Release|x64
		{3F8BF1F8-56A6-CE20-D217-456F75AD2033}.Release|x64.Build.0 = Release|x64
		{3F8BF1F8-56A6-CE20-D217-456F75AD2033}.ReleaseDeveloper|Win32.ActiveCfg = ReleaseDeveloper|x64
		{3F8BF1F8-56A6-CE20-D217-456F75AD2033}.ReleaseDeveloper|x64.ActiveCfg = ReleaseDeveloper|x64
		{3F8BF1F8-56A6-CE20-D217-456F75AD2033}.ReleaseDeveloper|x64.Build.0 = ReleaseDeveloper|x64
		{BA4254D3-F005-2F1D-6BA7-51F2B8FCD1F9}.Debug|Win32.ActiveCfg = Debug|x64
		{BA4254D3-F005-2F1D-6BA7-51F2B8FCD1F9}.Debug|x64.ActiveCfg = Debug|x64
		{BA4254D3-F005-2F1D-6BA7-51F2B8FCD1F9}.Debug|x64.Build.0 = Debug|x64
		{BA4254D3-F005-2F1D-6BA7-51F2B8FCD1F9}.Release|Win32.ActiveCfg = Release|x64
		{BA4254D3-F005-2F1D-6BA7-51F2B8FCD1F9}.Release|x64.ActiveCfg = Release|x64
		{BA4254D3-F005-2F1D-6BA7-51F2B8FCD1F9}.Release|x64.Build.0 = Release|x64
		{BA4254D3-F005-2F1D-6BA7-51F2B8FCD1F9}.ReleaseDeveloper|Win32.ActiveCfg = ReleaseDeveloper|x64
		{BA4254D3-F005-2F1D-6BA7-51F2B8FCD1F9}.ReleaseDeveloper|x64.ActiveCfg = ReleaseDeveloper|x64
		{BA4254D3-F005-2F1D-6BA7-51F2B8FCD1F9}.ReleaseDeveloper|x64.Build.0 = ReleaseDeveloper|x64
		{9A58791F-D701-9F66-490E-95C98F55BCC7}.Debug|Win32.ActiveCfg = Debug|x64
		{9A58791F-D701-9F66-490E-95C98F55BCC7}.Debug|x64.ActiveCfg = Debug|x64
		{9A58791F-D701-9F66-490E-95C98F55BCC7}.Debug|x64.Build.0 = Debug|x64
		{9A58791F-D701-9F66-490E-95C98F55BCC7}.Release|Win32.ActiveCfg = Release|x64
		{9A58791F-D701-9F66-490E-95C98F55BCC7}.Release|x64.ActiveCfg = Release|x64
		{9A58791F-D701-9F66-490E-95C98F55BCC7}.Release|x64.Build.0 = Release|x64
		{9A58791F-D701-9F66-490E-95C98F55BCC7}.ReleaseDeveloper|Win32.ActiveCfg = ReleaseDeveloper|x64
		{9A58791F-D701-9F66-490E-95C98F55BCC7}.ReleaseDeveloper|x64.ActiveCfg = ReleaseDeveloper|x64
		{9A58791F-D701-9F66-490E-95C98F55BCC7}.ReleaseDeveloper|x64.Build.0 = ReleaseDeveloper|x64
		{49AA2894-D9A1-51F7-35F4-9247A65F2ABB}.Debug|Win32.ActiveCfg = Debug|x64
		{49AA2894-D9A1-51F7-35F4-9247A65F2ABB}.Debug|x64.ActiveCfg = Debug|x64
		{49AA2894-D9A1-51F7-35F4-9247A65F2ABB}.Debug|x64.Build.0 = Debug|x64
		{49AA2894-D9A1-51F7-35F4-9247A65F2ABB}.Release|Win32.ActiveCfg = Release|x64
		{49AA2894-D9A1-51F7-35F4-9247A65F2ABB}.Release|x64.ActiveCfg = Release|x64
		{49AA2894-D9A1-51F7-35F4-9247A65F2ABB}.Release|x64.Build.0 = Release|x64
		{49AA2894-D9A1-51F7-35F4-9247A65F2ABB}.ReleaseDeveloper|Win32.ActiveCfg = ReleaseDeveloper|x64
		{49AA2894-D9A1-51F7-35F4-9247A65F2ABB}.ReleaseDeveloper|x64.ActiveCfg = ReleaseDeveloper|x64
		{49AA2894-D9A1-51F7-35F4-9247A65F2ABB}.ReleaseDeveloper|x64.Build.0 = ReleaseDeveloper|x64
		{ED9E15B0-2E5F-D0DB-A8B8-D825FAF21C7E}.Debug|Win32.ActiveCfg = Debug|x64
		{ED9E15B0-2E5F-D0DB-A8B8-D825FAF21C7E}.Debug|x64.ActiveCfg = Debug|x64
		{ED9E15B0-2E5F-D0DB-A8B8-D825FAF21C7E}.Debug|x64.Build.0 = Debug|x64
		{ED9E15B0-2E5F-D0DB-A8B8-D825FAF21C7E}.Release|Win32.ActiveCfg = Release|x64
		{ED9E15B0-2E5F-D0DB-A8B8-D825FAF21C7E}.Release|x64.ActiveCfg = Release|x64
		{ED9E15B0-2E5F-D0DB-A8B8-D825FAF21C7E}.Release|x64.Build.0 = Release|x64
		{ED9E15B0-2E5F-D0DB-A8B8-D825FAF21C7E}.ReleaseDeveloper|Win32.ActiveCfg = ReleaseDeveloper|x64
		{ED9E15B0-2E5F-D0DB-A8B8-D825FAF21C7E}.ReleaseDeveloper|x64.ActiveCfg = ReleaseDeveloper|x64
		{ED9E15B0-2E5F-D0DB-A8B8-D825FAF21C7E}.ReleaseDeveloper|x64.Build.0 = ReleaseDeveloper|x64
		{0AAC9702-4086-4216-6ED5-347D2B2A5D89}.Debug|Win32.ActiveCfg = Debug|x64
		{0AAC9702-4086-4216-6ED5-347D2B2A5D89}.Debug|x64.ActiveCfg = Debug|x64
		{0AAC9702-4086-4216-6ED5-347D2B2A5D89}.Debug|x64.Build.0 = Debug|x64
		{0AAC9702-4086-4216-6ED5-347D2B2A5D89}.Release|Win32.ActiveCfg = Release|x64
		{0AAC9702-4086-4216-6ED5-347D2B2A5D89}.Release|x64.ActiveCfg = Release|x64
		{0AAC9702-4086-4216-6ED5-347D2B2A5D89}.Release|x64.Build.0 = Release|x64
		{0AAC9702-4086-4216-6ED5-347D2B2A5D89}.ReleaseDeveloper|Win32.ActiveCfg = ReleaseDeveloper|x64
		{0AAC9702-4086-4216-6ED5-347D2B2A5D89}.ReleaseDeveloper|x64.ActiveCfg = ReleaseDeveloper|x64
		{0AAC9702-4086-4216-6ED5-347D2B2A5D89}.ReleaseDeveloper|x64.Build.0 = ReleaseDeveloper|x64
		{08E7668D-EF6C-2711-A6C2-0D723A7CC9DC}.Debug|Win32.ActiveCfg = Debug|x64
		{08E7668D-EF6C-2711-A6C2-0D723A7CC9DC}.Debug|x64.ActiveCfg = Debug|x64
		{08E7668D-EF6C-2711-A6C2-0D723A7CC9DC}.Debug|x64.Build.0 = Debug|x64
		{08E7668D-EF6C-2711-A6C2-0D723A7CC9DC}.Release|Win32.ActiveCfg = Release|x64
		{08E7668D-EF6C-2711-A6C2-0D723A7CC9DC}.Release|x64.ActiveCfg = Release|x64
		{08E7668D-EF6C-2711-A6C2-0D723A7CC9DC}.Release|x64.Build.0 = Release|x64
		{08E7668D-EF6C-2711-A6C2-0D723A7CC9DC}.ReleaseDeveloper|Win32.ActiveCfg = ReleaseDeveloper|x64
		{08E7668D-EF6C-2711-A6C2-0D723A7CC9DC}.ReleaseDeveloper|x64.ActiveCfg = ReleaseDeveloper|x64
		{08E7668D-EF6C-2711-A6C2-0D723A7CC9DC}.ReleaseDeveloper|x64.Build.0 = ReleaseDeveloper|x64
		{1E21AB20-7D81-0A8C-CC53-ECBD823EF84B}.Debug|Win32.ActiveCfg = Debug|x64
		{1E21AB20-7D81-0A8C-CC53-ECBD823EF84B}.Debug|x64.ActiveCfg = Debug|x64
		{1E21AB20-7D81-0A8C-CC53-ECBD823EF84B}.Debug|x64.Build.0 = Debug|x64
		{1E21AB20-7D81-0A8C-CC53-ECBD823EF84B}.Release|Win32.ActiveCfg = Release|x64
		{1E21AB20-7D81-0A8C-CC53-ECBD823EF84B}.Release|x64.ActiveCfg = Release|x64
		{1E21AB20-7D81-0A8C-CC53-ECBD823EF84B}.Release|x64.Build.0 = Release|x64
		{1E21AB20-7D81-0A8C-CC53-ECBD823EF84B}.ReleaseDeveloper|Win32.ActiveCfg = ReleaseDeveloper|x64
		{1E21AB20-7D81-0A8C-CC53-ECBD823EF84B}.ReleaseDeveloper|x64.ActiveCfg = ReleaseDeveloper|x64
		{1E21AB20-7D81-0A8C-CC53-ECBD823EF84B}.ReleaseDeveloper|x64.Build.0 = ReleaseDeveloper|x64
		{D8D2F143-89BE-D592-4C2D-117B4A3881DE}.Debug|Win32.ActiveCfg = Debug|x64
		{D8D2F143-89BE-D592-4C2D-117B4A3881DE}.Debug|x64.ActiveCfg = Debug|x64
		{D8D2F143-89BE-D592-4C2D-117B4A3881DE}.Debug|x64.Build.0 = Debug|x64
		{D8D2F143-89BE-D592-4C2D-117B4A3881DE}.Release|Win32.ActiveCfg = Release|x64
		{D8D2F143-89BE-D592-4C2D-117B4A3881DE}.Release|x64.ActiveCfg = Release|x64
		{D8D2F143-89BE-D592-4C2D-117B4A3881DE}.Release|x64.Build.0 = Release|x64
		{D8D2F143-89BE-D592-4C2D-117B4A3881DE}.ReleaseDeveloper|Win32.ActiveCfg = ReleaseDeveloper|x64
		{D8D2F143-89BE-D592-4C2D-117B4A3881DE}.ReleaseDeveloper|x64.ActiveCfg = ReleaseDeveloper|x64
		{D8D2F143-89BE-D592-4C2D-117B4A3881DE}.ReleaseDeveloper|x64.Build.0 = ReleaseDeveloper|x64
	EndGlobalSection
	GlobalSection(SolutionProperties) = preSolution
		HideSolutionNode = FALSE
	EndGlobalSection
	GlobalSection(NestedProjects) = preSolution
		{B7760B5E-BFA8-486B-ACFD-49E3A6DE8E76} = {38E1A434-8032-4721-8B8A-F4283BB56DAB}
		{AC091A25-308E-7BBC-9DA1-DD1920175B2F} = {38E1A434-8032-4721-8B8A-F4283BB56DAB}
		{F80B9D3A-8FBA-6651-C4EB-AF1D77E23013} = {38E1A434-8032-4721-8B8A-F4283BB56DAB}
		{ACEFEE16-B082-2A88-A478-2925B76D5D0B} = {38E1A434-8032-4721-8B8A-F4283BB56DAB}
		{DA725089-1866-93C9-8C82-5F0B84D64DF9} = {38E1A434-8032-4721-8B8A-F4283BB56DAB}
		{E24EE56E-BB02-E3F6-4996-DFE8AAC49CE5} = {38E1A434-8032-4721-8B8A-F4283BB56DAB}
		{C7262688-861D-F8B2-9095-F023D8D74A06} = {38E1A434-8032-4721-8B8A-F4283BB56DAB}
		{C2301093-9167-5410-27D2-A7ED541FB66E} = {38E1A434-8032-4721-8B8A-F4283BB56DAB}
		{2C63BD0D-BBC8-27A4-7757-E58B0CFF497D} = {38E1A434-8032-4721-8B8A-F4283BB56DAB}
		{7F923465-8BD3-349A-92BE-82F93591AC6A} = {38E1A434-8032-4721-8B8A-F4283BB56DAB}
		{5636527D-53CA-6417-23B1-4AC0173B21D4} = {38E1A434-8032-4721-8B8A-F4283BB56DAB}
		{7DE8DEDA-2C9D-F0F4-214F-0DDBA34962BA} = {38E1A434-8032-4721-8B8A-F4283BB56DAB}
		{D5092DE6-EA69-3D43-1C36-92D358B87E65} = {38E1A434-8032-4721-8B8A-F4283BB56DAB}
		{4C4ACF24-96A3-D950-D8DC-F0FE38871FBC} = {38E1A434-8032-4721-8B8A-F4283BB56DAB}
		{3C621C1F-25BA-4D9C-7157-9EAB5E9FE039} = {38E1A434-8032-4721-8B8A-F4283BB56DAB}
		{83C3F91F-1DE0-7307-DB96-4D6EEEF86014} = {38E1A434-8032-4721-8B8A-F4283BB56DAB}
		{A62C2434-1D02-D302-82FC-ECA8A9A2D25E} = {38E1A434-8032-4721-8B8A-F4283BB56DAB}
		{4BC36DD8-94DF-820B-676D-1E9497BC443A} = {38E1A434-8032-4721-8B8A-F4283BB56DAB}
		{80531BD2-CCC9-FA7F-6B0F-D6738BAA0ED8} = {38E1A434-8032-4721-8B8A-F4283BB56DAB}
		{FC5F854D-57A6-EDBB-158E-E6E58A1B8B58} = {38E1A434-8032-4721-8B8A-F4283BB56DAB}
		{D5D8251E-905F-7BD2-3A83-B6FB954B06BA} = {38E1A434-8032-4721-8B8A-F4283BB56DAB}
		{E23AA0CB-42C6-444C-BD69-6E6169D76FC1} = {38E1A434-8032-4721-8B8A-F4283BB56DAB}
		{AD113C30-0819-8659-4847-7AC4A8CC1F83} = {38E1A434-8032-4721-8B8A-F4283BB56DAB}
		{BAB33772-7FFE-522E-608E-A7642D9FB467} = {38E1A434-8032-4721-8B8A-F4283BB56DAB}
		{194DD695-BF91-1C6D-22E4-FE7B8BBC7547} = {38E1A434-8032-4721-8B8A-F4283BB56DAB}
		{79AC38EF-89A1-6B41-1983-CCF019EB065D} = {38E1A434-8032-4721-8B8A-F4283BB56DAB}
		{1EB27EA4-61E5-FC6C-358B-8557CF38C00C} = {38E1A434-8032-4721-8B8A-F4283BB56DAB}
		{D596D985-664A-B70C-8965-45F829B2C1A9} = {38E1A434-8032-4721-8B8A-F4283BB56DAB}
		{836EC36F-9335-BEEC-CA7B-DCCE8AF26F91} = {38E1A434-8032-4721-8B8A-F4283BB56DAB}
		{EE42AC09-20F3-9DBE-3361-8E2BB4E5E6CD} = {38E1A434-8032-4721-8B8A-F4283BB56DAB}
		{C5DD559C-7F43-3A89-CBC4-63DF7D2C9204} = {38E1A434-8032-4721-8B8A-F4283BB56DAB}
		{2C56CB27-6590-50F6-2135-7310A0352D07} = {38E1A434-8032-4721-8B8A-F4283BB56DAB}
		{96E68678-C2B9-6DE1-F644-48FB504971DB} = {38E1A434-8032-4721-8B8A-F4283BB56DAB}
		{441D6FA6-3335-90C7-0D48-A10A2C02CDDC} = {38E1A434-8032-4721-8B8A-F4283BB56DAB}
		{5CB053BF-4AE4-D82B-1F7F-44BA0178A0A2} = {38E1A434-8032-4721-8B8A-F4283BB56DAB}
		{1B137AC2-7962-66DC-1C58-C4794C3C9B79} = {38E1A434-8032-4721-8B8A-F4283BB56DAB}
		{33DF966C-F9E1-16E5-0185-F5DDB3359D7D} = {38E1A434-8032-4721-8B8A-F4283BB56DAB}
		{3F8BF1F8-56A6-CE20-D217-456F75AD2033} = {38E1A434-8032-4721-8B8A-F4283BB56DAB}
		{BA4254D3-F005-2F1D-6BA7-51F2B8FCD1F9} = {38E1A434-8032-4721-8B8A-F4283BB56DAB}
		{9A58791F-D701-9F66-490E-95C98F55BCC7} = {38E1A434-8032-4721-8B8A-F4283BB56DAB}
		{49AA2894-D9A1-51F7-35F4-9247A65F2ABB} = {38E1A434-8032-4721-8B8A-F4283BB56DAB}
		{ED9E15B0-2E5F-D0DB-A8B8-D825FAF21C7E} = {38E1A434-8032-4721-8B8A-F4283BB56DAB}
		{0AAC9702-4086-4216-6ED5-347D2B2A5D89} = {38E1A434-8032-4721-8B8A-F4283BB56DAB}
		{08E7668D-EF6C-2711-A6C2-0D723A7CC9DC} = {38E1A434-8032-4721-8B8A-F4283BB56DAB}
		{1E21AB20-7D81-0A8C-CC53-ECBD823EF84B} = {38E1A434-8032-4721-8B8A-F4283BB56DAB}
		{D8D2F143-89BE-D592-4C2D-117B4A3881DE} = {38E1A434-8032-4721-8B8A-F4283BB56DAB}
	EndGlobalSection
EndGlobal
